
Microsoft Visual Studio Solution File, Format Version 12.00
# Visual Studio Version 16
VisualStudioVersion = 16.0.30011.22
MinimumVisualStudioVersion = 10.0.40219.1
Project("{FAE04EC0-301F-11D3-BF4B-00C04F79EFBC}") = "DemoWindowsApp", "DemoWindowsApp\DemoWindowsApp.csproj", "{0A0CDB0B-B83B-43BD-B54B-D6CCE68AB51B}"
EndProject
Global
	GlobalSection(SolutionConfigurationPlatforms) = preSolution
		Debug|Any CPU = Debug|Any CPU
		Release|Any CPU = Release|Any CPU
	EndGlobalSection
	GlobalSection(ProjectConfigurationPlatforms) = postSolution
		{0A0CDB0B-B83B-43BD-B54B-D6CCE68AB51B}.Debug|Any CPU.ActiveCfg = Debug|Any CPU
		{0A0CDB0B-B83B-43BD-B54B-D6CCE68AB51B}.Debug|Any CPU.Build.0 = Debug|Any CPU
		{0A0CDB0B-B83B-43BD-B54B-D6CCE68AB51B}.Release|Any CPU.ActiveCfg = Release|Any CPU
		{0A0CDB0B-B83B-43BD-B54B-D6CCE68AB51B}.Release|Any CPU.Build.0 = Release|Any CPU
	EndGlobalSection
	GlobalSection(SolutionProperties) = preSolution
		HideSolutionNode = FALSE
	EndGlobalSection
	GlobalSection(ExtensibilityGlobals) = postSolution
		SolutionGuid = {19CA2D8B-7452-4F0E-A057-13859223C9E8}
	EndGlobalSection
EndGlobal
